{
  "lockfileVersion": 1,
  "workspaces": {
    "": {
      "name": "shared-models",
      "dependencies": {
        "ioredis": "^5.4.2",
        "redis": "^4.7.0",
        "redis-om": "^0.4.7",
      },
      "devDependencies": {
        "@types/bun": "latest",
      },
      "peerDependencies": {
        "typescript": "^5.0.0",
      },
    },
  },
  "packages": {
    "@ioredis/commands": ["@ioredis/commands@1.2.0", "", {}, "sha512-Sx1pU8EM64o2BrqNpEO1CNLtKQwyhuXuqyfH7oGKCk+1a33d2r5saW8zNwm3j6BTExtjrv2BxTgzzkMwts6vGg=="],

    "@jsep-plugin/assignment": ["@jsep-plugin/assignment@1.3.0", "", { "peerDependencies": { "jsep": "^0.4.0||^1.0.0" } }, "sha512-VVgV+CXrhbMI3aSusQyclHkenWSAm95WaiKrMxRFam3JSUiIaQjoMIw2sEs/OX4XifnqeQUN4DYbJjlA8EfktQ=="],

    "@jsep-plugin/regex": ["@jsep-plugin/regex@1.0.4", "", { "peerDependencies": { "jsep": "^0.4.0||^1.0.0" } }, "sha512-q7qL4Mgjs1vByCaTnDFcBnV9HS7GVPJX5vyVoCgZHNSC9rjwIlmbXG5sUuorR5ndfHAIlJ8pVStxvjXHbNvtUg=="],

    "@redis/bloom": ["@redis/bloom@1.2.0", "", { "peerDependencies": { "@redis/client": "^1.0.0" } }, "sha512-HG2DFjYKbpNmVXsa0keLHp/3leGJz1mjh09f2RLGGLQZzSHpkmZWuwJbAvo3QcRY8p80m5+ZdXZdYOSBLlp7Cg=="],

    "@redis/client": ["@redis/client@1.6.0", "", { "dependencies": { "cluster-key-slot": "1.1.2", "generic-pool": "3.9.0", "yallist": "4.0.0" } }, "sha512-aR0uffYI700OEEH4gYnitAnv3vzVGXCFvYfdpu/CJKvk4pHfLPEy/JSZyrpQ+15WhXe1yJRXLtfQ84s4mEXnPg=="],

    "@redis/graph": ["@redis/graph@1.1.1", "", { "peerDependencies": { "@redis/client": "^1.0.0" } }, "sha512-FEMTcTHZozZciLRl6GiiIB4zGm5z5F3F6a6FZCyrfxdKOhFlGkiAqlexWMBzCi4DcRoyiOsuLfW+cjlGWyExOw=="],

    "@redis/json": ["@redis/json@1.0.7", "", { "peerDependencies": { "@redis/client": "^1.0.0" } }, "sha512-6UyXfjVaTBTJtKNG4/9Z8PSpKE6XgSyEb8iwaqDcy+uKrd/DGYHTWkUdnQDyzm727V7p21WUMhsqz5oy65kPcQ=="],

    "@redis/search": ["@redis/search@1.2.0", "", { "peerDependencies": { "@redis/client": "^1.0.0" } }, "sha512-tYoDBbtqOVigEDMAcTGsRlMycIIjwMCgD8eR2t0NANeQmgK/lvxNAvYyb6bZDD4frHRhIHkJu2TBRvB0ERkOmw=="],

    "@redis/time-series": ["@redis/time-series@1.1.0", "", { "peerDependencies": { "@redis/client": "^1.0.0" } }, "sha512-c1Q99M5ljsIuc4YdaCwfUEXsofakb9c8+Zse2qxTadu8TalLXuAESzLvFAvNVbkmSlvlzIQOLpBCmWI9wTOt+g=="],

    "@types/bun": ["@types/bun@1.2.1", "", { "dependencies": { "bun-types": "1.2.1" } }, "sha512-iiCeMAKMkft8EPQJxSbpVRD0DKqrh91w40zunNajce3nMNNFd/LnAquVisSZC+UpTMjDwtcdyzbWct08IvEqRA=="],

    "@types/node": ["@types/node@22.12.0", "", { "dependencies": { "undici-types": "~6.20.0" } }, "sha512-Fll2FZ1riMjNmlmJOdAyY5pUbkftXslB5DgEzlIuNaiWhXd00FhWxVC/r4yV/4wBb9JfImTu+jiSvXTkJ7F/gA=="],

    "@types/ws": ["@types/ws@8.5.14", "", { "dependencies": { "@types/node": "*" } }, "sha512-bd/YFLW+URhBzMXurx7lWByOu+xzU9+kb3RboOteXYDfW+tr+JZa99OyNmPINEGB/ahzKrEuc8rcv4gnpJmxTw=="],

    "bun-types": ["bun-types@1.2.1", "", { "dependencies": { "@types/node": "*", "@types/ws": "~8.5.10" } }, "sha512-p7bmXUWmrPWxhcbFVk7oUXM5jAGt94URaoa3qf4mz43MEhNAo/ot1urzBqctgvuq7y9YxkuN51u+/qm4BiIsHw=="],

    "cluster-key-slot": ["cluster-key-slot@1.1.2", "", {}, "sha512-RMr0FhtfXemyinomL4hrWcYJxmX6deFdCxpJzhDttxgO1+bcCnkk+9drydLVDmAMG7NE6aN/fl4F7ucU/90gAA=="],

    "debug": ["debug@4.4.0", "", { "dependencies": { "ms": "^2.1.3" } }, "sha512-6WTZ/IxCY/T6BALoZHaE4ctp9xm+Z5kY/pzYaCHRFeyVhojxlrm+46y68HA6hr0TcwEssoxNiDEUJQjfPZ/RYA=="],

    "denque": ["denque@2.1.0", "", {}, "sha512-HVQE3AAb/pxF8fQAoiqpvg9i3evqug3hoiwakOyZAwJm+6vZehbkYXZ0l4JxS+I3QxM97v5aaRNhj8v5oBhekw=="],

    "generic-pool": ["generic-pool@3.9.0", "", {}, "sha512-hymDOu5B53XvN4QT9dBmZxPX4CWhBPPLguTZ9MMFeFa/Kg0xWVfylOVNlJji/E7yTZWFd/q9GO5TxDLq156D7g=="],

    "ioredis": ["ioredis@5.4.2", "", { "dependencies": { "@ioredis/commands": "^1.1.1", "cluster-key-slot": "^1.1.0", "debug": "^4.3.4", "denque": "^2.1.0", "lodash.defaults": "^4.2.0", "lodash.isarguments": "^3.1.0", "redis-errors": "^1.2.0", "redis-parser": "^3.0.0", "standard-as-callback": "^2.1.0" } }, "sha512-0SZXGNGZ+WzISQ67QDyZ2x0+wVxjjUndtD8oSeik/4ajifeiRufed8fCb8QW8VMyi4MXcS+UO1k/0NGhvq1PAg=="],

    "jsep": ["jsep@1.4.0", "", {}, "sha512-B7qPcEVE3NVkmSJbaYxvv4cHkVW7DQsZz13pUMrfS8z8Q/BuShN+gcTXrUlPiGqM2/t/EEaI030bpxMqY8gMlw=="],

    "jsonpath-plus": ["jsonpath-plus@10.2.0", "", { "dependencies": { "@jsep-plugin/assignment": "^1.3.0", "@jsep-plugin/regex": "^1.0.4", "jsep": "^1.4.0" }, "bin": { "jsonpath": "bin/jsonpath-cli.js", "jsonpath-plus": "bin/jsonpath-cli.js" } }, "sha512-T9V+8iNYKFL2n2rF+w02LBOT2JjDnTjioaNFrxRy0Bv1y/hNsqR/EBK7Ojy2ythRHwmz2cRIls+9JitQGZC/sw=="],

    "just-clone": ["just-clone@6.2.0", "", {}, "sha512-1IynUYEc/HAwxhi3WDpIpxJbZpMCvvrrmZVqvj9EhpvbH8lls7HhdhiByjL7DkAaWlLIzpC0Xc/VPvy/UxLNjA=="],

    "lodash.defaults": ["lodash.defaults@4.2.0", "", {}, "sha512-qjxPLHd3r5DnsdGacqOMU6pb/avJzdh9tFX2ymgoZE27BmjXrNy/y4LoaiTeAb+O3gL8AfpJGtqfX/ae2leYYQ=="],

    "lodash.isarguments": ["lodash.isarguments@3.1.0", "", {}, "sha512-chi4NHZlZqZD18a0imDHnZPrDeBbTtVN7GXMwuGdRH9qotxAjYs3aVLKc7zNOG9eddR5Ksd8rvFEBc9SsggPpg=="],

    "ms": ["ms@2.1.3", "", {}, "sha512-6FlzubTLZG3J2a/NVCAleEhjzq5oxgHyaCU9yYXvcLsvoVaHJq/s5xXI6/XXP6tz7R9xAOtHnSO/tXtF3WRTlA=="],

    "redis": ["redis@4.7.0", "", { "dependencies": { "@redis/bloom": "1.2.0", "@redis/client": "1.6.0", "@redis/graph": "1.1.1", "@redis/json": "1.0.7", "@redis/search": "1.2.0", "@redis/time-series": "1.1.0" } }, "sha512-zvmkHEAdGMn+hMRXuMBtu4Vo5P6rHQjLoHftu+lBqq8ZTA3RCVC/WzD790bkKKiNFp7d5/9PcSD19fJyyRvOdQ=="],

    "redis-errors": ["redis-errors@1.2.0", "", {}, "sha512-1qny3OExCf0UvUV/5wpYKf2YwPcOqXzkwKKSmKHiE6ZMQs5heeE/c8eXK+PNllPvmjgAbfnsbpkGZWy8cBpn9w=="],

    "redis-om": ["redis-om@0.4.7", "", { "dependencies": { "jsonpath-plus": "^10.1.0", "just-clone": "^6.1.1", "redis": "^4.6.4", "ulid": "^2.3.0" } }, "sha512-s0N+RNkW0qNeMhTbaxYZqhbBR8W/nOdMsGm25EOls0jxLHvMj9O7nD2mSgpwYycxc1/wUkePAMnp9y6u3VH9fw=="],

    "redis-parser": ["redis-parser@3.0.0", "", { "dependencies": { "redis-errors": "^1.0.0" } }, "sha512-DJnGAeenTdpMEH6uAJRK/uiyEIH9WVsUmoLwzudwGJUwZPp80PDBWPHXSAGNPwNvIXAbe7MSUB1zQFugFml66A=="],

    "standard-as-callback": ["standard-as-callback@2.1.0", "", {}, "sha512-qoRRSyROncaz1z0mvYqIE4lCd9p2R90i6GxW3uZv5ucSu8tU7B5HXUP1gG8pVZsYNVaXjk8ClXHPttLyxAL48A=="],

    "typescript": ["typescript@5.7.3", "", { "bin": { "tsc": "bin/tsc", "tsserver": "bin/tsserver" } }, "sha512-84MVSjMEHP+FQRPy3pX9sTVV/INIex71s9TL2Gm5FG/WG1SqXeKyZ0k7/blY/4FdOzI12CBy1vGc4og/eus0fw=="],

    "ulid": ["ulid@2.3.0", "", { "bin": { "ulid": "./bin/cli.js" } }, "sha512-keqHubrlpvT6G2wH0OEfSW4mquYRcbe/J8NMmveoQOjUqmo+hXtO+ORCpWhdbZ7k72UtY61BL7haGxW6enBnjw=="],

    "undici-types": ["undici-types@6.20.0", "", {}, "sha512-Ny6QZ2Nju20vw1SRHe3d9jVu6gJ+4e3+MMpqu7pqE5HT6WsTSlce++GQmK5UXS8mzV8DSYHrQH+Xrf2jVcuKNg=="],

    "yallist": ["yallist@4.0.0", "", {}, "sha512-3wdGidZyq5PB084XLES5TpOSRA3wjXAlIWMhum2kRcv/41Sn2emQ0dycQW4uZXLejwKvg6EsvbdlVL+FYEct7A=="],
  }
}
